
Microsoft Visual Studio Solution File, Format Version 12.00
# Visual Studio Version 16
VisualStudioVersion = 16.0.31829.152
MinimumVisualStudioVersion = 10.0.40219.1
Project("{FAE04EC0-301F-11D3-BF4B-00C04F79EFBC}") = "JITviawindbg", "JITviawindbg.csproj", "{1DD29C91-48E2-4A44-9D63-91E44E2D1B41}"
EndProject
Global
	GlobalSection(SolutionConfigurationPlatforms) = preSolution
		Debug|Any CPU = Debug|Any CPU
		Release|Any CPU = Release|Any CPU
	EndGlobalSection
	GlobalSection(ProjectConfigurationPlatforms) = postSolution
		{1DD29C91-48E2-4A44-9D63-91E44E2D1B41}.Debug|Any CPU.ActiveCfg = Debug|Any CPU
		{1DD29C91-48E2-4A44-9D63-91E44E2D1B41}.Debug|Any CPU.Build.0 = Debug|Any CPU
		{1DD29C91-48E2-4A44-9D63-91E44E2D1B41}.Release|Any CPU.ActiveCfg = Release|Any CPU
		{1DD29C91-48E2-4A44-9D63-91E44E2D1B41}.Release|Any CPU.Build.0 = Release|Any CPU
	EndGlobalSection
	GlobalSection(SolutionProperties) = preSolution
		HideSolutionNode = FALSE
	EndGlobalSection
	GlobalSection(ExtensibilityGlobals) = postSolution
		SolutionGuid = {80FDCE39-15A1-4A4A-975F-B7CBD4D36216}
	EndGlobalSection
EndGlobal
